
Microsoft Visual Studio Solution File, Format Version 12.00
# Visual Studio Version 17
VisualStudioVersion = 17.2.32630.192
MinimumVisualStudioVersion = 10.0.40219.1
Project("{9A19103F-16F7-4668-BE54-9A1E7A4F7556}") = "F10Y.T0002", "F10Y.T0002\F10Y.T0002.csproj", "{20BEF982-7B01-4EBC-928E-207057F1FA09}"
EndProject
Global
	GlobalSection(SolutionConfigurationPlatforms) = preSolution
		Debug|Any CPU = Debug|Any CPU
		Release|Any CPU = Release|Any CPU
	EndGlobalSection
	GlobalSection(ProjectConfigurationPlatforms) = postSolution
		{20BEF982-7B01-4EBC-928E-207057F1FA09}.Debug|Any CPU.ActiveCfg = Debug|Any CPU
		{20BEF982-7B01-4EBC-928E-207057F1FA09}.Debug|Any CPU.Build.0 = Debug|Any CPU
		{20BEF982-7B01-4EBC-928E-207057F1FA09}.Release|Any CPU.ActiveCfg = Release|Any CPU
		{20BEF982-7B01-4EBC-928E-207057F1FA09}.Release|Any CPU.Build.0 = Release|Any CPU
	EndGlobalSection
	GlobalSection(SolutionProperties) = preSolution
		HideSolutionNode = FALSE
	EndGlobalSection
	GlobalSection(ExtensibilityGlobals) = postSolution
		SolutionGuid = {47FFB0A1-E6E2-4FFE-A032-09D2887B46C5}
	EndGlobalSection
EndGlobal
